
Microsoft Visual Studio Solution File, Format Version 12.00
# Visual Studio Version 16
VisualStudioVersion = 16.0.32228.547
MinimumVisualStudioVersion = 10.0.40219.1
Project("{FAE04EC0-301F-11D3-BF4B-00C04F79EFBC}") = "Collection  LinkedList", "Collection  LinkedList\Collection  LinkedList.csproj", "{DC067797-A2D1-4FCD-8993-F30D750CA01F}"
EndProject
Global
	GlobalSection(SolutionConfigurationPlatforms) = preSolution
		Debug|Any CPU = Debug|Any CPU
		Release|Any CPU = Release|Any CPU
	EndGlobalSection
	GlobalSection(ProjectConfigurationPlatforms) = postSolution
		{DC067797-A2D1-4FCD-8993-F30D750CA01F}.Debug|Any CPU.ActiveCfg = Debug|Any CPU
		{DC067797-A2D1-4FCD-8993-F30D750CA01F}.Debug|Any CPU.Build.0 = Debug|Any CPU
		{DC067797-A2D1-4FCD-8993-F30D750CA01F}.Release|Any CPU.ActiveCfg = Release|Any CPU
		{DC067797-A2D1-4FCD-8993-F30D750CA01F}.Release|Any CPU.Build.0 = Release|Any CPU
	EndGlobalSection
	GlobalSection(SolutionProperties) = preSolution
		HideSolutionNode = FALSE
	EndGlobalSection
	GlobalSection(ExtensibilityGlobals) = postSolution
		SolutionGuid = {B76EFA46-980B-49F5-A3AD-4230F2497B08}
	EndGlobalSection
EndGlobal
